{
  "version": "v1",
  "packages": {
    "@nrwl/js": {
      "signature": "a508894187728d1aed8e9fbc136a2519",
      "file": true,
      "replaced": "15.9.7"
    },
    "@nrwl/devkit": {
      "signature": "11b653ab724ea3eabf4125cbd38b186e",
      "file": true
    },
    "@nrwl/workspace": {
      "signature": "98ff5f190f7e35847b86be5230c1866e",
      "file": true,
      "replaced": "15.9.7"
    }
  }
}